
Microsoft Visual Studio Solution File, Format Version 12.00
# Visual Studio Version 16
VisualStudioVersion = 16.0.30621.155
MinimumVisualStudioVersion = 10.0.40219.1
Project("{FAE04EC0-301F-11D3-BF4B-00C04F79EFBC}") = "WebApplication4", "WebApplication4\WebApplication4.csproj", "{539FBB5D-644E-4CF2-A66F-3E1F93E4CE0D}"
EndProject
Global
	GlobalSection(SolutionConfigurationPlatforms) = preSolution
		Debug|Any CPU = Debug|Any CPU
		Release|Any CPU = Release|Any CPU
	EndGlobalSection
	GlobalSection(ProjectConfigurationPlatforms) = postSolution
		{539FBB5D-644E-4CF2-A66F-3E1F93E4CE0D}.Debug|Any CPU.ActiveCfg = Debug|Any CPU
		{539FBB5D-644E-4CF2-A66F-3E1F93E4CE0D}.Debug|Any CPU.Build.0 = Debug|Any CPU
		{539FBB5D-644E-4CF2-A66F-3E1F93E4CE0D}.Release|Any CPU.ActiveCfg = Release|Any CPU
		{539FBB5D-644E-4CF2-A66F-3E1F93E4CE0D}.Release|Any CPU.Build.0 = Release|Any CPU
	EndGlobalSection
	GlobalSection(SolutionProperties) = preSolution
		HideSolutionNode = FALSE
	EndGlobalSection
	GlobalSection(ExtensibilityGlobals) = postSolution
		SolutionGuid = {A1C8D707-A4E0-4536-82E8-7C1E80F3F65D}
	EndGlobalSection
EndGlobal
